
Microsoft Visual Studio Solution File, Format Version 12.00
# Visual Studio Version 17
VisualStudioVersion = 17.0.32014.148
MinimumVisualStudioVersion = 10.0.40219.1
Project("{888888A0-9F3D-457C-B088-3A5042F75D52}") = "lab1-9", "lab1-9\lab1-9.pyproj", "{4A73420A-6915-4071-8290-CC900FD1F8D8}"
EndProject
Global
	GlobalSection(SolutionConfigurationPlatforms) = preSolution
		Debug|Any CPU = Debug|Any CPU
		Release|Any CPU = Release|Any CPU
	EndGlobalSection
	GlobalSection(ProjectConfigurationPlatforms) = postSolution
		{4A73420A-6915-4071-8290-CC900FD1F8D8}.Debug|Any CPU.ActiveCfg = Debug|Any CPU
		{4A73420A-6915-4071-8290-CC900FD1F8D8}.Release|Any CPU.ActiveCfg = Release|Any CPU
	EndGlobalSection
	GlobalSection(SolutionProperties) = preSolution
		HideSolutionNode = FALSE
	EndGlobalSection
	GlobalSection(ExtensibilityGlobals) = postSolution
		SolutionGuid = {5304223E-8C6A-4C12-A0AD-496737E3A242}
	EndGlobalSection
EndGlobal
