
Microsoft Visual Studio Solution File, Format Version 12.00
# Visual Studio Version 17
VisualStudioVersion = 17.0.32014.148
MinimumVisualStudioVersion = 10.0.40219.1
Project("{888888A0-9F3D-457C-B088-3A5042F75D52}") = "lab13", "lab13\lab13.pyproj", "{C1E52CEB-0111-47EE-90B5-7D29B9452142}"
EndProject
Global
	GlobalSection(SolutionConfigurationPlatforms) = preSolution
		Debug|Any CPU = Debug|Any CPU
		Release|Any CPU = Release|Any CPU
	EndGlobalSection
	GlobalSection(ProjectConfigurationPlatforms) = postSolution
		{C1E52CEB-0111-47EE-90B5-7D29B9452142}.Debug|Any CPU.ActiveCfg = Debug|Any CPU
		{C1E52CEB-0111-47EE-90B5-7D29B9452142}.Release|Any CPU.ActiveCfg = Release|Any CPU
	EndGlobalSection
	GlobalSection(SolutionProperties) = preSolution
		HideSolutionNode = FALSE
	EndGlobalSection
	GlobalSection(ExtensibilityGlobals) = postSolution
		SolutionGuid = {2345C38C-C108-4726-BB19-8E09E7DD36CC}
	EndGlobalSection
EndGlobal
